PODS:
  - OWUProximityManager (0.0.1)

DEPENDENCIES:
  - OWUProximityManager (from `../OWUProximityManager.podspec`)

EXTERNAL SOURCES:
  OWUProximityManager:
    :podspec: ../OWUProximityManager.podspec

SPEC CHECKSUMS:
  OWUProximityManager: 77d546e21260103fc995735b983fc550910ddc5d

COCOAPODS: 0.25.0
